// !$*UTF8*$!
{
	archiveVersion = 1;
	classes = {
	};
	objectVersion = 56;
	objects = {

/* Begin PBXBuildFile section */
		6D27309D2D6C78BC0029A7D0 /* RequestConfiguration.swift in Sources */ = {isa = PBXBuildFile; fileRef = 6D27309C2D6C78BC0029A7D0 /* RequestConfiguration.swift */; };
		6D48BAE82B67BA6300D351F8 /* Requests.docc in Sources */ = {isa = PBXBuildFile; fileRef = 6D48BAE72B67BA6300D351F8 /* Requests.docc */; };
		6D48BAEE2B67BA6400D351F8 /* Requests.framework in Frameworks */ = {isa = PBXBuildFile; fileRef = 6D48BAE32B67BA6300D351F8 /* Requests.framework */; };
		6D48BAF32B67BA6400D351F8 /* RequestsTests.swift in Sources */ = {isa = PBXBuildFile; fileRef = 6D48BAF22B67BA6400D351F8 /* RequestsTests.swift */; };
		6D48BAF42B67BA6400D351F8 /* Requests.h in Headers */ = {isa = PBXBuildFile; fileRef = 6D48BAE62B67BA6300D351F8 /* Requests.h */; settings = {ATTRIBUTES = (Public, ); }; };
		6D48BAFF2B67BAC000D351F8 /* HttpMethod.swift in Sources */ = {isa = PBXBuildFile; fileRef = 6D48BAFE2B67BAC000D351F8 /* HttpMethod.swift */; };
		6D48BB022B67BAFA00D351F8 /* Resource.swift in Sources */ = {isa = PBXBuildFile; fileRef = 6D48BB012B67BAFA00D351F8 /* Resource.swift */; };
		6D48BB042B67BBE000D351F8 /* ResourceError.swift in Sources */ = {isa = PBXBuildFile; fileRef = 6D48BB032B67BBE000D351F8 /* ResourceError.swift */; };
		6D48BB062B67BE8C00D351F8 /* URLRequest + debugging.swift in Sources */ = {isa = PBXBuildFile; fileRef = 6D48BB052B67BE8C00D351F8 /* URLRequest + debugging.swift */; };
		6D48BB082B67C29100D351F8 /* DebuggableError.swift in Sources */ = {isa = PBXBuildFile; fileRef = 6D48BB072B67C29100D351F8 /* DebuggableError.swift */; };
		6D48BB0A2B67FB5600D351F8 /* Header.swift in Sources */ = {isa = PBXBuildFile; fileRef = 6D48BB092B67FB5600D351F8 /* Header.swift */; };
		6DC6F3AB2B6A41BA002CF2E9 /* AuthenticatedResource.swift in Sources */ = {isa = PBXBuildFile; fileRef = 6DC6F3AA2B6A41BA002CF2E9 /* AuthenticatedResource.swift */; };
		6DC6F3AD2B6A4271002CF2E9 /* OAuthToken.swift in Sources */ = {isa = PBXBuildFile; fileRef = 6DC6F3AC2B6A4271002CF2E9 /* OAuthToken.swift */; };
		6DC6F3AF2B6A47E5002CF2E9 /* Authenticator.swift in Sources */ = {isa = PBXBuildFile; fileRef = 6DC6F3AE2B6A47E5002CF2E9 /* Authenticator.swift */; };
		6DC6F3B12B6A480C002CF2E9 /* TokenStore.swift in Sources */ = {isa = PBXBuildFile; fileRef = 6DC6F3B02B6A480C002CF2E9 /* TokenStore.swift */; };
		6DC6F3B32B6A4A02002CF2E9 /* Prefixable + KeychainKey.swift in Sources */ = {isa = PBXBuildFile; fileRef = 6DC6F3B22B6A4A02002CF2E9 /* Prefixable + KeychainKey.swift */; };
		6DC6F3B52B6A4A67002CF2E9 /* Dictionary + urlEncoded.swift in Sources */ = {isa = PBXBuildFile; fileRef = 6DC6F3B42B6A4A67002CF2E9 /* Dictionary + urlEncoded.swift */; };
		6DC6F3B72B6A4AAB002CF2E9 /* ARTokenManager.swift in Sources */ = {isa = PBXBuildFile; fileRef = 6DC6F3B62B6A4AAB002CF2E9 /* ARTokenManager.swift */; };
		6DC6F3BB2B6A4B45002CF2E9 /* OAuthFlow.swift in Sources */ = {isa = PBXBuildFile; fileRef = 6DC6F3BA2B6A4B45002CF2E9 /* OAuthFlow.swift */; };
		6DC6F3BD2B6A4B5D002CF2E9 /* ClientCredentials.swift in Sources */ = {isa = PBXBuildFile; fileRef = 6DC6F3BC2B6A4B5D002CF2E9 /* ClientCredentials.swift */; };
		6DC6F3BF2B6A4BB5002CF2E9 /* CodeFlow.swift in Sources */ = {isa = PBXBuildFile; fileRef = 6DC6F3BE2B6A4BB5002CF2E9 /* CodeFlow.swift */; };
		6DC6F3C12B6A4BDC002CF2E9 /* RefreshToken.swift in Sources */ = {isa = PBXBuildFile; fileRef = 6DC6F3C02B6A4BDC002CF2E9 /* RefreshToken.swift */; };
		6DC6F3C32B6A4C49002CF2E9 /* AuthenticatorError.swift in Sources */ = {isa = PBXBuildFile; fileRef = 6DC6F3C22B6A4C49002CF2E9 /* AuthenticatorError.swift */; };
		6DC6F3C62B6A4D2E002CF2E9 /* ARAuthenticator.swift in Sources */ = {isa = PBXBuildFile; fileRef = 6DC6F3C52B6A4D2E002CF2E9 /* ARAuthenticator.swift */; };
		6DC6F3C82B6A4D6D002CF2E9 /* AuthenticationEndpoint.swift in Sources */ = {isa = PBXBuildFile; fileRef = 6DC6F3C72B6A4D6D002CF2E9 /* AuthenticationEndpoint.swift */; };
		6DC6F3CA2B6A4EC7002CF2E9 /* DefaultOutputError.swift in Sources */ = {isa = PBXBuildFile; fileRef = 6DC6F3C92B6A4EC7002CF2E9 /* DefaultOutputError.swift */; };
		6DC6F3CC2B6A4FFE002CF2E9 /* URLSession legacy.swift in Sources */ = {isa = PBXBuildFile; fileRef = 6DC6F3CB2B6A4FFE002CF2E9 /* URLSession legacy.swift */; };
		6DC6F3CE2B6A870E002CF2E9 /* LegacyARAuthenticator.swift in Sources */ = {isa = PBXBuildFile; fileRef = 6DC6F3CD2B6A870E002CF2E9 /* LegacyARAuthenticator.swift */; };
/* End PBXBuildFile section */

/* Begin PBXContainerItemProxy section */
		6D48BAEF2B67BA6400D351F8 /* PBXContainerItemProxy */ = {
			isa = PBXContainerItemProxy;
			containerPortal = 6D48BADA2B67BA6300D351F8 /* Project object */;
			proxyType = 1;
			remoteGlobalIDString = 6D48BAE22B67BA6300D351F8;
			remoteInfo = Requests;
		};
/* End PBXContainerItemProxy section */

/* Begin PBXFileReference section */
		6D27309C2D6C78BC0029A7D0 /* RequestConfiguration.swift */ = {isa = PBXFileReference; lastKnownFileType = sourcecode.swift; path = RequestConfiguration.swift; sourceTree = "<group>"; };
		6D48BAE32B67BA6300D351F8 /* Requests.framework */ = {isa = PBXFileReference; explicitFileType = wrapper.framework; includeInIndex = 0; path = Requests.framework; sourceTree = BUILT_PRODUCTS_DIR; };
		6D48BAE62B67BA6300D351F8 /* Requests.h */ = {isa = PBXFileReference; lastKnownFileType = sourcecode.c.h; path = Requests.h; sourceTree = "<group>"; };
		6D48BAE72B67BA6300D351F8 /* Requests.docc */ = {isa = PBXFileReference; lastKnownFileType = folder.documentationcatalog; path = Requests.docc; sourceTree = "<group>"; };
		6D48BAED2B67BA6400D351F8 /* RequestsTests.xctest */ = {isa = PBXFileReference; explicitFileType = wrapper.cfbundle; includeInIndex = 0; path = RequestsTests.xctest; sourceTree = BUILT_PRODUCTS_DIR; };
		6D48BAF22B67BA6400D351F8 /* RequestsTests.swift */ = {isa = PBXFileReference; lastKnownFileType = sourcecode.swift; path = RequestsTests.swift; sourceTree = "<group>"; };
		6D48BAFE2B67BAC000D351F8 /* HttpMethod.swift */ = {isa = PBXFileReference; lastKnownFileType = sourcecode.swift; path = HttpMethod.swift; sourceTree = "<group>"; };
		6D48BB012B67BAFA00D351F8 /* Resource.swift */ = {isa = PBXFileReference; lastKnownFileType = sourcecode.swift; path = Resource.swift; sourceTree = "<group>"; };
		6D48BB032B67BBE000D351F8 /* ResourceError.swift */ = {isa = PBXFileReference; lastKnownFileType = sourcecode.swift; path = ResourceError.swift; sourceTree = "<group>"; };
		6D48BB052B67BE8C00D351F8 /* URLRequest + debugging.swift */ = {isa = PBXFileReference; lastKnownFileType = sourcecode.swift; path = "URLRequest + debugging.swift"; sourceTree = "<group>"; };
		6D48BB072B67C29100D351F8 /* DebuggableError.swift */ = {isa = PBXFileReference; lastKnownFileType = sourcecode.swift; path = DebuggableError.swift; sourceTree = "<group>"; };
		6D48BB092B67FB5600D351F8 /* Header.swift */ = {isa = PBXFileReference; lastKnownFileType = sourcecode.swift; path = Header.swift; sourceTree = "<group>"; };
		6DC6F3AA2B6A41BA002CF2E9 /* AuthenticatedResource.swift */ = {isa = PBXFileReference; lastKnownFileType = sourcecode.swift; path = AuthenticatedResource.swift; sourceTree = "<group>"; };
		6DC6F3AC2B6A4271002CF2E9 /* OAuthToken.swift */ = {isa = PBXFileReference; lastKnownFileType = sourcecode.swift; path = OAuthToken.swift; sourceTree = "<group>"; };
		6DC6F3AE2B6A47E5002CF2E9 /* Authenticator.swift */ = {isa = PBXFileReference; lastKnownFileType = sourcecode.swift; path = Authenticator.swift; sourceTree = "<group>"; };
		6DC6F3B02B6A480C002CF2E9 /* TokenStore.swift */ = {isa = PBXFileReference; lastKnownFileType = sourcecode.swift; path = TokenStore.swift; sourceTree = "<group>"; };
		6DC6F3B22B6A4A02002CF2E9 /* Prefixable + KeychainKey.swift */ = {isa = PBXFileReference; lastKnownFileType = sourcecode.swift; path = "Prefixable + KeychainKey.swift"; sourceTree = "<group>"; };
		6DC6F3B42B6A4A67002CF2E9 /* Dictionary + urlEncoded.swift */ = {isa = PBXFileReference; lastKnownFileType = sourcecode.swift; path = "Dictionary + urlEncoded.swift"; sourceTree = "<group>"; };
		6DC6F3B62B6A4AAB002CF2E9 /* ARTokenManager.swift */ = {isa = PBXFileReference; lastKnownFileType = sourcecode.swift; path = ARTokenManager.swift; sourceTree = "<group>"; };
		6DC6F3BA2B6A4B45002CF2E9 /* OAuthFlow.swift */ = {isa = PBXFileReference; lastKnownFileType = sourcecode.swift; path = OAuthFlow.swift; sourceTree = "<group>"; };
		6DC6F3BC2B6A4B5D002CF2E9 /* ClientCredentials.swift */ = {isa = PBXFileReference; lastKnownFileType = sourcecode.swift; path = ClientCredentials.swift; sourceTree = "<group>"; };
		6DC6F3BE2B6A4BB5002CF2E9 /* CodeFlow.swift */ = {isa = PBXFileReference; lastKnownFileType = sourcecode.swift; path = CodeFlow.swift; sourceTree = "<group>"; };
		6DC6F3C02B6A4BDC002CF2E9 /* RefreshToken.swift */ = {isa = PBXFileReference; lastKnownFileType = sourcecode.swift; path = RefreshToken.swift; sourceTree = "<group>"; };
		6DC6F3C22B6A4C49002CF2E9 /* AuthenticatorError.swift */ = {isa = PBXFileReference; lastKnownFileType = sourcecode.swift; path = AuthenticatorError.swift; sourceTree = "<group>"; };
		6DC6F3C52B6A4D2E002CF2E9 /* ARAuthenticator.swift */ = {isa = PBXFileReference; lastKnownFileType = sourcecode.swift; path = ARAuthenticator.swift; sourceTree = "<group>"; };
		6DC6F3C72B6A4D6D002CF2E9 /* AuthenticationEndpoint.swift */ = {isa = PBXFileReference; lastKnownFileType = sourcecode.swift; path = AuthenticationEndpoint.swift; sourceTree = "<group>"; };
		6DC6F3C92B6A4EC7002CF2E9 /* DefaultOutputError.swift */ = {isa = PBXFileReference; lastKnownFileType = sourcecode.swift; path = DefaultOutputError.swift; sourceTree = "<group>"; };
		6DC6F3CB2B6A4FFE002CF2E9 /* URLSession legacy.swift */ = {isa = PBXFileReference; lastKnownFileType = sourcecode.swift; path = "URLSession legacy.swift"; sourceTree = "<group>"; };
		6DC6F3CD2B6A870E002CF2E9 /* LegacyARAuthenticator.swift */ = {isa = PBXFileReference; lastKnownFileType = sourcecode.swift; path = LegacyARAuthenticator.swift; sourceTree = "<group>"; };
/* End PBXFileReference section */

/* Begin PBXFrameworksBuildPhase section */
		6D48BAE02B67BA6300D351F8 /* Frameworks */ = {
			isa = PBXFrameworksBuildPhase;
			buildActionMask = 2147483647;
			files = (
			);
			runOnlyForDeploymentPostprocessing = 0;
		};
		6D48BAEA2B67BA6400D351F8 /* Frameworks */ = {
			isa = PBXFrameworksBuildPhase;
			buildActionMask = 2147483647;
			files = (
				6D48BAEE2B67BA6400D351F8 /* Requests.framework in Frameworks */,
			);
			runOnlyForDeploymentPostprocessing = 0;
		};
/* End PBXFrameworksBuildPhase section */

/* Begin PBXGroup section */
		6D48BAD92B67BA6300D351F8 = {
			isa = PBXGroup;
			children = (
				6D48BAE52B67BA6300D351F8 /* Requests */,
				6D48BAF12B67BA6400D351F8 /* RequestsTests */,
				6D48BAE42B67BA6300D351F8 /* Products */,
			);
			sourceTree = "<group>";
		};
		6D48BAE42B67BA6300D351F8 /* Products */ = {
			isa = PBXGroup;
			children = (
				6D48BAE32B67BA6300D351F8 /* Requests.framework */,
				6D48BAED2B67BA6400D351F8 /* RequestsTests.xctest */,
			);
			name = Products;
			sourceTree = "<group>";
		};
		6D48BAE52B67BA6300D351F8 /* Requests */ = {
			isa = PBXGroup;
			children = (
				6DC6F3C42B6A4D0A002CF2E9 /* Serivce */,
				6D48BB002B67BAE300D351F8 /* Model */,
				6D48BAFD2B67BAA100D351F8 /* Helpers */,
				6D48BAE62B67BA6300D351F8 /* Requests.h */,
				6D48BAE72B67BA6300D351F8 /* Requests.docc */,
				6DC6F3B62B6A4AAB002CF2E9 /* ARTokenManager.swift */,
			);
			path = Requests;
			sourceTree = "<group>";
		};
		6D48BAF12B67BA6400D351F8 /* RequestsTests */ = {
			isa = PBXGroup;
			children = (
				6D48BAF22B67BA6400D351F8 /* RequestsTests.swift */,
			);
			path = RequestsTests;
			sourceTree = "<group>";
		};
		6D48BAFD2B67BAA100D351F8 /* Helpers */ = {
			isa = PBXGroup;
			children = (
				6DC6F3B22B6A4A02002CF2E9 /* Prefixable + KeychainKey.swift */,
				6D48BAFE2B67BAC000D351F8 /* HttpMethod.swift */,
				6D48BB092B67FB5600D351F8 /* Header.swift */,
				6D48BB052B67BE8C00D351F8 /* URLRequest + debugging.swift */,
				6DC6F3B42B6A4A67002CF2E9 /* Dictionary + urlEncoded.swift */,
				6DC6F3CB2B6A4FFE002CF2E9 /* URLSession legacy.swift */,
			);
			path = Helpers;
			sourceTree = "<group>";
		};
		6D48BB002B67BAE300D351F8 /* Model */ = {
			isa = PBXGroup;
			children = (
				6DC6F3B92B6A4B0A002CF2E9 /* AuthFlow */,
				6D48BB012B67BAFA00D351F8 /* Resource.swift */,
				6DC6F3C92B6A4EC7002CF2E9 /* DefaultOutputError.swift */,
				6DC6F3AE2B6A47E5002CF2E9 /* Authenticator.swift */,
				6DC6F3C22B6A4C49002CF2E9 /* AuthenticatorError.swift */,
				6D27309C2D6C78BC0029A7D0 /* RequestConfiguration.swift */,
				6D48BB032B67BBE000D351F8 /* ResourceError.swift */,
				6DC6F3C72B6A4D6D002CF2E9 /* AuthenticationEndpoint.swift */,
				6DC6F3B02B6A480C002CF2E9 /* TokenStore.swift */,
				6D48BB072B67C29100D351F8 /* DebuggableError.swift */,
				6DC6F3AA2B6A41BA002CF2E9 /* AuthenticatedResource.swift */,
				6DC6F3AC2B6A4271002CF2E9 /* OAuthToken.swift */,
			);
			path = Model;
			sourceTree = "<group>";
		};
		6DC6F3B92B6A4B0A002CF2E9 /* AuthFlow */ = {
			isa = PBXGroup;
			children = (
				6DC6F3BA2B6A4B45002CF2E9 /* OAuthFlow.swift */,
				6DC6F3C02B6A4BDC002CF2E9 /* RefreshToken.swift */,
				6DC6F3BC2B6A4B5D002CF2E9 /* ClientCredentials.swift */,
				6DC6F3BE2B6A4BB5002CF2E9 /* CodeFlow.swift */,
			);
			path = AuthFlow;
			sourceTree = "<group>";
		};
		6DC6F3C42B6A4D0A002CF2E9 /* Serivce */ = {
			isa = PBXGroup;
			children = (
				6DC6F3C52B6A4D2E002CF2E9 /* ARAuthenticator.swift */,
				6DC6F3CD2B6A870E002CF2E9 /* LegacyARAuthenticator.swift */,
			);
			path = Serivce;
			sourceTree = "<group>";
		};
/* End PBXGroup section */

/* Begin PBXHeadersBuildPhase section */
		6D48BADE2B67BA6300D351F8 /* Headers */ = {
			isa = PBXHeadersBuildPhase;
			buildActionMask = 2147483647;
			files = (
				6D48BAF42B67BA6400D351F8 /* Requests.h in Headers */,
			);
			runOnlyForDeploymentPostprocessing = 0;
		};
/* End PBXHeadersBuildPhase section */

/* Begin PBXNativeTarget section */
		6D48BAE22B67BA6300D351F8 /* Requests */ = {
			isa = PBXNativeTarget;
			buildConfigurationList = 6D48BAF72B67BA6400D351F8 /* Build configuration list for PBXNativeTarget "Requests" */;
			buildPhases = (
				6D48BADE2B67BA6300D351F8 /* Headers */,
				6D48BADF2B67BA6300D351F8 /* Sources */,
				6D48BAE02B67BA6300D351F8 /* Frameworks */,
				6D48BAE12B67BA6300D351F8 /* Resources */,
			);
			buildRules = (
			);
			dependencies = (
			);
			name = Requests;
			productName = Requests;
			productReference = 6D48BAE32B67BA6300D351F8 /* Requests.framework */;
			productType = "com.apple.product-type.framework";
		};
		6D48BAEC2B67BA6400D351F8 /* RequestsTests */ = {
			isa = PBXNativeTarget;
			buildConfigurationList = 6D48BAFA2B67BA6400D351F8 /* Build configuration list for PBXNativeTarget "RequestsTests" */;
			buildPhases = (
				6D48BAE92B67BA6400D351F8 /* Sources */,
				6D48BAEA2B67BA6400D351F8 /* Frameworks */,
				6D48BAEB2B67BA6400D351F8 /* Resources */,
			);
			buildRules = (
			);
			dependencies = (
				6D48BAF02B67BA6400D351F8 /* PBXTargetDependency */,
			);
			name = RequestsTests;
			productName = RequestsTests;
			productReference = 6D48BAED2B67BA6400D351F8 /* RequestsTests.xctest */;
			productType = "com.apple.product-type.bundle.unit-test";
		};
/* End PBXNativeTarget section */

/* Begin PBXProject section */
		6D48BADA2B67BA6300D351F8 /* Project object */ = {
			isa = PBXProject;
			attributes = {
				BuildIndependentTargetsInParallel = 1;
				LastSwiftUpdateCheck = 1520;
				LastUpgradeCheck = 1520;
				TargetAttributes = {
					6D48BAE22B67BA6300D351F8 = {
						CreatedOnToolsVersion = 15.2;
					};
					6D48BAEC2B67BA6400D351F8 = {
						CreatedOnToolsVersion = 15.2;
					};
				};
			};
			buildConfigurationList = 6D48BADD2B67BA6300D351F8 /* Build configuration list for PBXProject "Requests" */;
			compatibilityVersion = "Xcode 14.0";
			developmentRegion = en;
			hasScannedForEncodings = 0;
			knownRegions = (
				en,
				Base,
			);
			mainGroup = 6D48BAD92B67BA6300D351F8;
			productRefGroup = 6D48BAE42B67BA6300D351F8 /* Products */;
			projectDirPath = "";
			projectRoot = "";
			targets = (
				6D48BAE22B67BA6300D351F8 /* Requests */,
				6D48BAEC2B67BA6400D351F8 /* RequestsTests */,
			);
		};
/* End PBXProject section */

/* Begin PBXResourcesBuildPhase section */
		6D48BAE12B67BA6300D351F8 /* Resources */ = {
			isa = PBXResourcesBuildPhase;
			buildActionMask = 2147483647;
			files = (
			);
			runOnlyForDeploymentPostprocessing = 0;
		};
		6D48BAEB2B67BA6400D351F8 /* Resources */ = {
			isa = PBXResourcesBuildPhase;
			buildActionMask = 2147483647;
			files = (
			);
			runOnlyForDeploymentPostprocessing = 0;
		};
/* End PBXResourcesBuildPhase section */

/* Begin PBXSourcesBuildPhase section */
		6D48BADF2B67BA6300D351F8 /* Sources */ = {
			isa = PBXSourcesBuildPhase;
			buildActionMask = 2147483647;
			files = (
				6D48BB082B67C29100D351F8 /* DebuggableError.swift in Sources */,
				6DC6F3CE2B6A870E002CF2E9 /* LegacyARAuthenticator.swift in Sources */,
				6DC6F3B12B6A480C002CF2E9 /* TokenStore.swift in Sources */,
				6D27309D2D6C78BC0029A7D0 /* RequestConfiguration.swift in Sources */,
				6DC6F3AB2B6A41BA002CF2E9 /* AuthenticatedResource.swift in Sources */,
				6DC6F3B32B6A4A02002CF2E9 /* Prefixable + KeychainKey.swift in Sources */,
				6DC6F3C82B6A4D6D002CF2E9 /* AuthenticationEndpoint.swift in Sources */,
				6DC6F3AD2B6A4271002CF2E9 /* OAuthToken.swift in Sources */,
				6D48BB042B67BBE000D351F8 /* ResourceError.swift in Sources */,
				6DC6F3C62B6A4D2E002CF2E9 /* ARAuthenticator.swift in Sources */,
				6DC6F3B72B6A4AAB002CF2E9 /* ARTokenManager.swift in Sources */,
				6DC6F3B52B6A4A67002CF2E9 /* Dictionary + urlEncoded.swift in Sources */,
				6D48BB022B67BAFA00D351F8 /* Resource.swift in Sources */,
				6DC6F3AF2B6A47E5002CF2E9 /* Authenticator.swift in Sources */,
				6D48BB0A2B67FB5600D351F8 /* Header.swift in Sources */,
				6DC6F3BB2B6A4B45002CF2E9 /* OAuthFlow.swift in Sources */,
				6DC6F3CA2B6A4EC7002CF2E9 /* DefaultOutputError.swift in Sources */,
				6D48BAFF2B67BAC000D351F8 /* HttpMethod.swift in Sources */,
				6DC6F3CC2B6A4FFE002CF2E9 /* URLSession legacy.swift in Sources */,
				6D48BAE82B67BA6300D351F8 /* Requests.docc in Sources */,
				6DC6F3BF2B6A4BB5002CF2E9 /* CodeFlow.swift in Sources */,
				6D48BB062B67BE8C00D351F8 /* URLRequest + debugging.swift in Sources */,
				6DC6F3BD2B6A4B5D002CF2E9 /* ClientCredentials.swift in Sources */,
				6DC6F3C12B6A4BDC002CF2E9 /* RefreshToken.swift in Sources */,
				6DC6F3C32B6A4C49002CF2E9 /* AuthenticatorError.swift in Sources */,
			);
			runOnlyForDeploymentPostprocessing = 0;
		};
		6D48BAE92B67BA6400D351F8 /* Sources */ = {
			isa = PBXSourcesBuildPhase;
			buildActionMask = 2147483647;
			files = (
				6D48BAF32B67BA6400D351F8 /* RequestsTests.swift in Sources */,
			);
			runOnlyForDeploymentPostprocessing = 0;
		};
/* End PBXSourcesBuildPhase section */

/* Begin PBXTargetDependency section */
		6D48BAF02B67BA6400D351F8 /* PBXTargetDependency */ = {
			isa = PBXTargetDependency;
			target = 6D48BAE22B67BA6300D351F8 /* Requests */;
			targetProxy = 6D48BAEF2B67BA6400D351F8 /* PBXContainerItemProxy */;
		};
/* End PBXTargetDependency section */

/* Begin XCBuildConfiguration section */
		6D48BAF52B67BA6400D351F8 /* Debug */ = {
			isa = XCBuildConfiguration;
			buildSettings = {
				ALWAYS_SEARCH_USER_PATHS = NO;
				ASSETCATALOG_COMPILER_GENERATE_SWIFT_ASSET_SYMBOL_EXTENSIONS = YES;
				CLANG_ANALYZER_NONNULL = YES;
				CLANG_ANALYZER_NUMBER_OBJECT_CONVERSION = YES_AGGRESSIVE;
				CLANG_CXX_LANGUAGE_STANDARD = "gnu++20";
				CLANG_ENABLE_MODULES = YES;
				CLANG_ENABLE_OBJC_ARC = YES;
				CLANG_ENABLE_OBJC_WEAK = YES;
				CLANG_WARN_BLOCK_CAPTURE_AUTORELEASING = YES;
				CLANG_WARN_BOOL_CONVERSION = YES;
				CLANG_WARN_COMMA = YES;
				CLANG_WARN_CONSTANT_CONVERSION = YES;
				CLANG_WARN_DEPRECATED_OBJC_IMPLEMENTATIONS = YES;
				CLANG_WARN_DIRECT_OBJC_ISA_USAGE = YES_ERROR;
				CLANG_WARN_DOCUMENTATION_COMMENTS = YES;
				CLANG_WARN_EMPTY_BODY = YES;
				CLANG_WARN_ENUM_CONVERSION = YES;
				CLANG_WARN_INFINITE_RECURSION = YES;
				CLANG_WARN_INT_CONVERSION = YES;
				CLANG_WARN_NON_LITERAL_NULL_CONVERSION = YES;
				CLANG_WARN_OBJC_IMPLICIT_RETAIN_SELF = YES;
				CLANG_WARN_OBJC_LITERAL_CONVERSION = YES;
				CLANG_WARN_OBJC_ROOT_CLASS = YES_ERROR;
				CLANG_WARN_QUOTED_INCLUDE_IN_FRAMEWORK_HEADER = YES;
				CLANG_WARN_RANGE_LOOP_ANALYSIS = YES;
				CLANG_WARN_STRICT_PROTOTYPES = YES;
				CLANG_WARN_SUSPICIOUS_MOVE = YES;
				CLANG_WARN_UNGUARDED_AVAILABILITY = YES_AGGRESSIVE;
				CLANG_WARN_UNREACHABLE_CODE = YES;
				CLANG_WARN__DUPLICATE_METHOD_MATCH = YES;
				COPY_PHASE_STRIP = NO;
				CURRENT_PROJECT_VERSION = 1;
				DEBUG_INFORMATION_FORMAT = dwarf;
				ENABLE_STRICT_OBJC_MSGSEND = YES;
				ENABLE_TESTABILITY = YES;
				ENABLE_USER_SCRIPT_SANDBOXING = YES;
				GCC_C_LANGUAGE_STANDARD = gnu17;
				GCC_DYNAMIC_NO_PIC = NO;
				GCC_NO_COMMON_BLOCKS = YES;
				GCC_OPTIMIZATION_LEVEL = 0;
				GCC_PREPROCESSOR_DEFINITIONS = (
					"DEBUG=1",
					"$(inherited)",
				);
				GCC_WARN_64_TO_32_BIT_CONVERSION = YES;
				GCC_WARN_ABOUT_RETURN_TYPE = YES_ERROR;
				GCC_WARN_UNDECLARED_SELECTOR = YES;
				GCC_WARN_UNINITIALIZED_AUTOS = YES_AGGRESSIVE;
				GCC_WARN_UNUSED_FUNCTION = YES;
				GCC_WARN_UNUSED_VARIABLE = YES;
				LOCALIZATION_PREFERS_STRING_CATALOGS = YES;
				MTL_ENABLE_DEBUG_INFO = INCLUDE_SOURCE;
				MTL_FAST_MATH = YES;
				ONLY_ACTIVE_ARCH = YES;
				SWIFT_ACTIVE_COMPILATION_CONDITIONS = "DEBUG $(inherited)";
				SWIFT_OPTIMIZATION_LEVEL = "-Onone";
				VERSIONING_SYSTEM = "apple-generic";
				VERSION_INFO_PREFIX = "";
			};
			name = Debug;
		};
		6D48BAF62B67BA6400D351F8 /* Release */ = {
			isa = XCBuildConfiguration;
			buildSettings = {
				ALWAYS_SEARCH_USER_PATHS = NO;
				ASSETCATALOG_COMPILER_GENERATE_SWIFT_ASSET_SYMBOL_EXTENSIONS = YES;
				CLANG_ANALYZER_NONNULL = YES;
				CLANG_ANALYZER_NUMBER_OBJECT_CONVERSION = YES_AGGRESSIVE;
				CLANG_CXX_LANGUAGE_STANDARD = "gnu++20";
				CLANG_ENABLE_MODULES = YES;
				CLANG_ENABLE_OBJC_ARC = YES;
				CLANG_ENABLE_OBJC_WEAK = YES;
				CLANG_WARN_BLOCK_CAPTURE_AUTORELEASING = YES;
				CLANG_WARN_BOOL_CONVERSION = YES;
				CLANG_WARN_COMMA = YES;
				CLANG_WARN_CONSTANT_CONVERSION = YES;
				CLANG_WARN_DEPRECATED_OBJC_IMPLEMENTATIONS = YES;
				CLANG_WARN_DIRECT_OBJC_ISA_USAGE = YES_ERROR;
				CLANG_WARN_DOCUMENTATION_COMMENTS = YES;
				CLANG_WARN_EMPTY_BODY = YES;
				CLANG_WARN_ENUM_CONVERSION = YES;
				CLANG_WARN_INFINITE_RECURSION = YES;
				CLANG_WARN_INT_CONVERSION = YES;
				CLANG_WARN_NON_LITERAL_NULL_CONVERSION = YES;
				CLANG_WARN_OBJC_IMPLICIT_RETAIN_SELF = YES;
				CLANG_WARN_OBJC_LITERAL_CONVERSION = YES;
				CLANG_WARN_OBJC_ROOT_CLASS = YES_ERROR;
				CLANG_WARN_QUOTED_INCLUDE_IN_FRAMEWORK_HEADER = YES;
				CLANG_WARN_RANGE_LOOP_ANALYSIS = YES;
				CLANG_WARN_STRICT_PROTOTYPES = YES;
				CLANG_WARN_SUSPICIOUS_MOVE = YES;
				CLANG_WARN_UNGUARDED_AVAILABILITY = YES_AGGRESSIVE;
				CLANG_WARN_UNREACHABLE_CODE = YES;
				CLANG_WARN__DUPLICATE_METHOD_MATCH = YES;
				COPY_PHASE_STRIP = NO;
				CURRENT_PROJECT_VERSION = 1;
				DEBUG_INFORMATION_FORMAT = "dwarf-with-dsym";
				ENABLE_NS_ASSERTIONS = NO;
				ENABLE_STRICT_OBJC_MSGSEND = YES;
				ENABLE_USER_SCRIPT_SANDBOXING = YES;
				GCC_C_LANGUAGE_STANDARD = gnu17;
				GCC_NO_COMMON_BLOCKS = YES;
				GCC_WARN_64_TO_32_BIT_CONVERSION = YES;
				GCC_WARN_ABOUT_RETURN_TYPE = YES_ERROR;
				GCC_WARN_UNDECLARED_SELECTOR = YES;
				GCC_WARN_UNINITIALIZED_AUTOS = YES_AGGRESSIVE;
				GCC_WARN_UNUSED_FUNCTION = YES;
				GCC_WARN_UNUSED_VARIABLE = YES;
				LOCALIZATION_PREFERS_STRING_CATALOGS = YES;
				MTL_ENABLE_DEBUG_INFO = NO;
				MTL_FAST_MATH = YES;
				SWIFT_COMPILATION_MODE = wholemodule;
				VERSIONING_SYSTEM = "apple-generic";
				VERSION_INFO_PREFIX = "";
			};
			name = Release;
		};
		6D48BAF82B67BA6400D351F8 /* Debug */ = {
			isa = XCBuildConfiguration;
			buildSettings = {
				BUILD_LIBRARY_FOR_DISTRIBUTION = YES;
				CODE_SIGN_STYLE = Automatic;
				CURRENT_PROJECT_VERSION = 1;
				DEFINES_MODULE = YES;
				DEVELOPMENT_TEAM = 92JZP37Y6K;
				DYLIB_COMPATIBILITY_VERSION = 1;
				DYLIB_CURRENT_VERSION = 1.1.2;
				DYLIB_INSTALL_NAME_BASE = "@rpath";
				ENABLE_MODULE_VERIFIER = YES;
				GENERATE_INFOPLIST_FILE = YES;
				INFOPLIST_KEY_NSHumanReadableCopyright = "";
				INSTALL_PATH = "$(LOCAL_LIBRARY_DIR)/Frameworks";
				IPHONEOS_DEPLOYMENT_TARGET = 11.0;
				LD_RUNPATH_SEARCH_PATHS = (
					"@executable_path/Frameworks",
					"@loader_path/Frameworks",
				);
				"LD_RUNPATH_SEARCH_PATHS[sdk=macosx*]" = (
					"@executable_path/../Frameworks",
					"@loader_path/Frameworks",
				);
				MACOSX_DEPLOYMENT_TARGET = 10.15;
				MARKETING_VERSION = 1.1.2;
				MODULE_VERIFIER_SUPPORTED_LANGUAGES = "objective-c objective-c++";
				MODULE_VERIFIER_SUPPORTED_LANGUAGE_STANDARDS = "gnu17 gnu++20";
				PRODUCT_BUNDLE_IDENTIFIER = tech.scytale.requests;
				PRODUCT_NAME = "$(TARGET_NAME:c99extidentifier)";
				SDKROOT = auto;
				SKIP_INSTALL = YES;
				SUPPORTED_PLATFORMS = "iphoneos iphonesimulator macosx";
				SUPPORTS_MACCATALYST = YES;
				SWIFT_EMIT_LOC_STRINGS = YES;
				SWIFT_VERSION = 5.0;
				TARGETED_DEVICE_FAMILY = "1,2";
			};
			name = Debug;
		};
		6D48BAF92B67BA6400D351F8 /* Release */ = {
			isa = XCBuildConfiguration;
			buildSettings = {
				BUILD_LIBRARY_FOR_DISTRIBUTION = YES;
				CODE_SIGN_STYLE = Automatic;
				CURRENT_PROJECT_VERSION = 1;
				DEFINES_MODULE = YES;
				DEVELOPMENT_TEAM = 92JZP37Y6K;
				DYLIB_COMPATIBILITY_VERSION = 1;
				DYLIB_CURRENT_VERSION = 1.1.2;
				DYLIB_INSTALL_NAME_BASE = "@rpath";
				ENABLE_MODULE_VERIFIER = YES;
				GENERATE_INFOPLIST_FILE = YES;
				INFOPLIST_KEY_NSHumanReadableCopyright = "";
				INSTALL_PATH = "$(LOCAL_LIBRARY_DIR)/Frameworks";
				IPHONEOS_DEPLOYMENT_TARGET = 11.0;
				LD_RUNPATH_SEARCH_PATHS = (
					"@executable_path/Frameworks",
					"@loader_path/Frameworks",
				);
				"LD_RUNPATH_SEARCH_PATHS[sdk=macosx*]" = (
					"@executable_path/../Frameworks",
					"@loader_path/Frameworks",
				);
				MACOSX_DEPLOYMENT_TARGET = 10.15;
				MARKETING_VERSION = 1.1.2;
				MODULE_VERIFIER_SUPPORTED_LANGUAGES = "objective-c objective-c++";
				MODULE_VERIFIER_SUPPORTED_LANGUAGE_STANDARDS = "gnu17 gnu++20";
				PRODUCT_BUNDLE_IDENTIFIER = tech.scytale.requests;
				PRODUCT_NAME = "$(TARGET_NAME:c99extidentifier)";
				SDKROOT = auto;
				SKIP_INSTALL = YES;
				SUPPORTED_PLATFORMS = "iphoneos iphonesimulator macosx";
				SUPPORTS_MACCATALYST = YES;
				SWIFT_EMIT_LOC_STRINGS = YES;
				SWIFT_VERSION = 5.0;
				TARGETED_DEVICE_FAMILY = "1,2";
			};
			name = Release;
		};
		6D48BAFB2B67BA6400D351F8 /* Debug */ = {
			isa = XCBuildConfiguration;
			buildSettings = {
				ALWAYS_EMBED_SWIFT_STANDARD_LIBRARIES = YES;
				CODE_SIGN_STYLE = Automatic;
				CURRENT_PROJECT_VERSION = 1;
				DEVELOPMENT_TEAM = 3SB8N9QD3Z;
				GENERATE_INFOPLIST_FILE = YES;
				IPHONEOS_DEPLOYMENT_TARGET = 17.2;
				MACOSX_DEPLOYMENT_TARGET = 14.2;
				MARKETING_VERSION = 1.0;
				PRODUCT_BUNDLE_IDENTIFIER = com.bianco.francesco.authenticated.requests.RequestsTests;
				PRODUCT_NAME = "$(TARGET_NAME)";
				SDKROOT = auto;
				SUPPORTED_PLATFORMS = "iphoneos iphonesimulator macosx";
				SWIFT_EMIT_LOC_STRINGS = NO;
				SWIFT_VERSION = 5.0;
				TARGETED_DEVICE_FAMILY = "1,2";
			};
			name = Debug;
		};
		6D48BAFC2B67BA6400D351F8 /* Release */ = {
			isa = XCBuildConfiguration;
			buildSettings = {
				ALWAYS_EMBED_SWIFT_STANDARD_LIBRARIES = YES;
				CODE_SIGN_STYLE = Automatic;
				CURRENT_PROJECT_VERSION = 1;
				DEVELOPMENT_TEAM = 3SB8N9QD3Z;
				GENERATE_INFOPLIST_FILE = YES;
				IPHONEOS_DEPLOYMENT_TARGET = 17.2;
				MACOSX_DEPLOYMENT_TARGET = 14.2;
				MARKETING_VERSION = 1.0;
				PRODUCT_BUNDLE_IDENTIFIER = com.bianco.francesco.authenticated.requests.RequestsTests;
				PRODUCT_NAME = "$(TARGET_NAME)";
				SDKROOT = auto;
				SUPPORTED_PLATFORMS = "iphoneos iphonesimulator macosx";
				SWIFT_EMIT_LOC_STRINGS = NO;
				SWIFT_VERSION = 5.0;
				TARGETED_DEVICE_FAMILY = "1,2";
			};
			name = Release;
		};
/* End XCBuildConfiguration section */

/* Begin XCConfigurationList section */
		6D48BADD2B67BA6300D351F8 /* Build configuration list for PBXProject "Requests" */ = {
			isa = XCConfigurationList;
			buildConfigurations = (
				6D48BAF52B67BA6400D351F8 /* Debug */,
				6D48BAF62B67BA6400D351F8 /* Release */,
			);
			defaultConfigurationIsVisible = 0;
			defaultConfigurationName = Release;
		};
		6D48BAF72B67BA6400D351F8 /* Build configuration list for PBXNativeTarget "Requests" */ = {
			isa = XCConfigurationList;
			buildConfigurations = (
				6D48BAF82B67BA6400D351F8 /* Debug */,
				6D48BAF92B67BA6400D351F8 /* Release */,
			);
			defaultConfigurationIsVisible = 0;
			defaultConfigurationName = Release;
		};
		6D48BAFA2B67BA6400D351F8 /* Build configuration list for PBXNativeTarget "RequestsTests" */ = {
			isa = XCConfigurationList;
			buildConfigurations = (
				6D48BAFB2B67BA6400D351F8 /* Debug */,
				6D48BAFC2B67BA6400D351F8 /* Release */,
			);
			defaultConfigurationIsVisible = 0;
			defaultConfigurationName = Release;
		};
/* End XCConfigurationList section */
	};
	rootObject = 6D48BADA2B67BA6300D351F8 /* Project object */;
}
